// !$*UTF8*$!
{
	archiveVersion = 1;
	classes = {
	};
	objectVersion = 50;
	objects = {

/* Begin PBXBuildFile section */
		DDAC0FD124493F9700DDB825 /* AppDelegate.swift in Sources */ = {isa = PBXBuildFile; fileRef = DDAC0FD024493F9700DDB825 /* AppDelegate.swift */; };
		DDAC0FD324493F9700DDB825 /* SceneDelegate.swift in Sources */ = {isa = PBXBuildFile; fileRef = DDAC0FD224493F9700DDB825 /* SceneDelegate.swift */; };
		DDAC0FD824493F9700DDB825 /* Main.storyboard in Resources */ = {isa = PBXBuildFile; fileRef = DDAC0FD624493F9700DDB825 /* Main.storyboard */; };
		DDAC0FDA24493F9800DDB825 /* Assets.xcassets in Resources */ = {isa = PBXBuildFile; fileRef = DDAC0FD924493F9800DDB825 /* Assets.xcassets */; };
		DDAC0FDD24493F9800DDB825 /* LaunchScreen.storyboard in Resources */ = {isa = PBXBuildFile; fileRef = DDAC0FDB24493F9800DDB825 /* LaunchScreen.storyboard */; };
		DDAC0FE52449405500DDB825 /* Movie.swift in Sources */ = {isa = PBXBuildFile; fileRef = DDAC0FE42449405500DDB825 /* Movie.swift */; };
		DDAC0FE72449407C00DDB825 /* MoviesTableViewController.swift in Sources */ = {isa = PBXBuildFile; fileRef = DDAC0FE62449407C00DDB825 /* MoviesTableViewController.swift */; };
		DDAC0FE92449427D00DDB825 /* AddMovieViewController.swift in Sources */ = {isa = PBXBuildFile; fileRef = DDAC0FE82449427D00DDB825 /* AddMovieViewController.swift */; };
		DDAC0FEB2449452B00DDB825 /* tableTableViewController.swift in Sources */ = {isa = PBXBuildFile; fileRef = DDAC0FEA2449452B00DDB825 /* tableTableViewController.swift */; };
/* End PBXBuildFile section */

/* Begin PBXFileReference section */
		DDAC0FCD24493F9700DDB825 /* Movies.app */ = {isa = PBXFileReference; explicitFileType = wrapper.application; includeInIndex = 0; path = Movies.app; sourceTree = BUILT_PRODUCTS_DIR; };
		DDAC0FD024493F9700DDB825 /* AppDelegate.swift */ = {isa = PBXFileReference; lastKnownFileType = sourcecode.swift; path = AppDelegate.swift; sourceTree = "<group>"; };
		DDAC0FD224493F9700DDB825 /* SceneDelegate.swift */ = {isa = PBXFileReference; lastKnownFileType = sourcecode.swift; path = SceneDelegate.swift; sourceTree = "<group>"; };
		DDAC0FD724493F9700DDB825 /* Base */ = {isa = PBXFileReference; lastKnownFileType = file.storyboard; name = Base; path = Base.lproj/Main.storyboard; sourceTree = "<group>"; };
		DDAC0FD924493F9800DDB825 /* Assets.xcassets */ = {isa = PBXFileReference; lastKnownFileType = folder.assetcatalog; path = Assets.xcassets; sourceTree = "<group>"; };
		DDAC0FDC24493F9800DDB825 /* Base */ = {isa = PBXFileReference; lastKnownFileType = file.storyboard; name = Base; path = Base.lproj/LaunchScreen.storyboard; sourceTree = "<group>"; };
		DDAC0FDE24493F9800DDB825 /* Info.plist */ = {isa = PBXFileReference; lastKnownFileType = text.plist.xml; path = Info.plist; sourceTree = "<group>"; };
		DDAC0FE42449405500DDB825 /* Movie.swift */ = {isa = PBXFileReference; lastKnownFileType = sourcecode.swift; path = Movie.swift; sourceTree = "<group>"; };
		DDAC0FE62449407C00DDB825 /* MoviesTableViewController.swift */ = {isa = PBXFileReference; lastKnownFileType = sourcecode.swift; path = MoviesTableViewController.swift; sourceTree = "<group>"; };
		DDAC0FE82449427D00DDB825 /* AddMovieViewController.swift */ = {isa = PBXFileReference; lastKnownFileType = sourcecode.swift; path = AddMovieViewController.swift; sourceTree = "<group>"; };
		DDAC0FEA2449452B00DDB825 /* tableTableViewController.swift */ = {isa = PBXFileReference; lastKnownFileType = sourcecode.swift; path = tableTableViewController.swift; sourceTree = "<group>"; };
/* End PBXFileReference section */

/* Begin PBXFrameworksBuildPhase section */
		DDAC0FCA24493F9700DDB825 /* Frameworks */ = {
			isa = PBXFrameworksBuildPhase;
			buildActionMask = 2147483647;
			files = (
			);
			runOnlyForDeploymentPostprocessing = 0;
		};
/* End PBXFrameworksBuildPhase section */

/* Begin PBXGroup section */
		DDAC0FC424493F9700DDB825 = {
			isa = PBXGroup;
			children = (
				DDAC0FCF24493F9700DDB825 /* Movies */,
				DDAC0FCE24493F9700DDB825 /* Products */,
			);
			sourceTree = "<group>";
		};
		DDAC0FCE24493F9700DDB825 /* Products */ = {
			isa = PBXGroup;
			children = (
				DDAC0FCD24493F9700DDB825 /* Movies.app */,
			);
			name = Products;
			sourceTree = "<group>";
		};
		DDAC0FCF24493F9700DDB825 /* Movies */ = {
			isa = PBXGroup;
			children = (
				DDAC0FD024493F9700DDB825 /* AppDelegate.swift */,
				DDAC0FE42449405500DDB825 /* Movie.swift */,
				DDAC0FE82449427D00DDB825 /* AddMovieViewController.swift */,
				DDAC0FEA2449452B00DDB825 /* tableTableViewController.swift */,
				DDAC0FE62449407C00DDB825 /* MoviesTableViewController.swift */,
				DDAC0FD224493F9700DDB825 /* SceneDelegate.swift */,
				DDAC0FD624493F9700DDB825 /* Main.storyboard */,
				DDAC0FD924493F9800DDB825 /* Assets.xcassets */,
				DDAC0FDB24493F9800DDB825 /* LaunchScreen.storyboard */,
				DDAC0FDE24493F9800DDB825 /* Info.plist */,
			);
			path = Movies;
			sourceTree = "<group>";
		};
/* End PBXGroup section */

/* Begin PBXNativeTarget section */
		DDAC0FCC24493F9700DDB825 /* Movies */ = {
			isa = PBXNativeTarget;
			buildConfigurationList = DDAC0FE124493F9800DDB825 /* Build configuration list for PBXNativeTarget "Movies" */;
			buildPhases = (
				DDAC0FC924493F9700DDB825 /* Sources */,
				DDAC0FCA24493F9700DDB825 /* Frameworks */,
				DDAC0FCB24493F9700DDB825 /* Resources */,
			);
			buildRules = (
			);
			dependencies = (
			);
			name = Movies;
			productName = Movies;
			productReference = DDAC0FCD24493F9700DDB825 /* Movies.app */;
			productType = "com.apple.product-type.application";
		};
/* End PBXNativeTarget section */

/* Begin PBXProject section */
		DDAC0FC524493F9700DDB825 /* Project object */ = {
			isa = PBXProject;
			attributes = {
				LastSwiftUpdateCheck = 1140;
				LastUpgradeCheck = 1140;
				ORGANIZATIONNAME = "brian vilchez";
				TargetAttributes = {
					DDAC0FCC24493F9700DDB825 = {
						CreatedOnToolsVersion = 11.4.1;
					};
				};
			};
			buildConfigurationList = DDAC0FC824493F9700DDB825 /* Build configuration list for PBXProject "Movies" */;
			compatibilityVersion = "Xcode 9.3";
			developmentRegion = en;
			hasScannedForEncodings = 0;
			knownRegions = (
				en,
				Base,
			);
			mainGroup = DDAC0FC424493F9700DDB825;
			productRefGroup = DDAC0FCE24493F9700DDB825 /* Products */;
			projectDirPath = "";
			projectRoot = "";
			targets = (
				DDAC0FCC24493F9700DDB825 /* Movies */,
			);
		};
/* End PBXProject section */

/* Begin PBXResourcesBuildPhase section */
		DDAC0FCB24493F9700DDB825 /* Resources */ = {
			isa = PBXResourcesBuildPhase;
			buildActionMask = 2147483647;
			files = (
				DDAC0FDD24493F9800DDB825 /* LaunchScreen.storyboard in Resources */,
				DDAC0FDA24493F9800DDB825 /* Assets.xcassets in Resources */,
				DDAC0FD824493F9700DDB825 /* Main.storyboard in Resources */,
			);
			runOnlyForDeploymentPostprocessing = 0;
		};
/* End PBXResourcesBuildPhase section */

/* Begin PBXSourcesBuildPhase section */
		DDAC0FC924493F9700DDB825 /* Sources */ = {
			isa = PBXSourcesBuildPhase;
			buildActionMask = 2147483647;
			files = (
				DDAC0FEB2449452B00DDB825 /* tableTableViewController.swift in Sources */,
				DDAC0FE72449407C00DDB825 /* MoviesTableViewController.swift in Sources */,
				DDAC0FD124493F9700DDB825 /* AppDelegate.swift in Sources */,
				DDAC0FD324493F9700DDB825 /* SceneDelegate.swift in Sources */,
				DDAC0FE92449427D00DDB825 /* AddMovieViewController.swift in Sources */,
				DDAC0FE52449405500DDB825 /* Movie.swift in Sources */,
			);
			runOnlyForDeploymentPostprocessing = 0;
		};
/* End PBXSourcesBuildPhase section */

/* Begin PBXVariantGroup section */
		DDAC0FD624493F9700DDB825 /* Main.storyboard */ = {
			isa = PBXVariantGroup;
			children = (
				DDAC0FD724493F9700DDB825 /* Base */,
			);
			name = Main.storyboard;
			sourceTree = "<group>";
		};
		DDAC0FDB24493F9800DDB825 /* LaunchScreen.storyboard */ = {
			isa = PBXVariantGroup;
			children = (
				DDAC0FDC24493F9800DDB825 /* Base */,
			);
			name = LaunchScreen.storyboard;
			sourceTree = "<group>";
		};
/* End PBXVariantGroup section */

/* Begin XCBuildConfiguration section */
		DDAC0FDF24493F9800DDB825 /* Debug */ = {
			isa = XCBuildConfiguration;
			buildSettings = {
				ALWAYS_SEARCH_USER_PATHS = NO;
				CLANG_ANALYZER_NONNULL = YES;
				CLANG_ANALYZER_NUMBER_OBJECT_CONVERSION = YES_AGGRESSIVE;
				CLANG_CXX_LANGUAGE_STANDARD = "gnu++14";
				CLANG_CXX_LIBRARY = "libc++";
				CLANG_ENABLE_MODULES = YES;
				CLANG_ENABLE_OBJC_ARC = YES;
				CLANG_ENABLE_OBJC_WEAK = YES;
				CLANG_WARN_BLOCK_CAPTURE_AUTORELEASING = YES;
				CLANG_WARN_BOOL_CONVERSION = YES;
				CLANG_WARN_COMMA = YES;
				CLANG_WARN_CONSTANT_CONVERSION = YES;
				CLANG_WARN_DEPRECATED_OBJC_IMPLEMENTATIONS = YES;
				CLANG_WARN_DIRECT_OBJC_ISA_USAGE = YES_ERROR;
				CLANG_WARN_DOCUMENTATION_COMMENTS = YES;
				CLANG_WARN_EMPTY_BODY = YES;
				CLANG_WARN_ENUM_CONVERSION = YES;
				CLANG_WARN_INFINITE_RECURSION = YES;
				CLANG_WARN_INT_CONVERSION = YES;
				CLANG_WARN_NON_LITERAL_NULL_CONVERSION = YES;
				CLANG_WARN_OBJC_IMPLICIT_RETAIN_SELF = YES;
				CLANG_WARN_OBJC_LITERAL_CONVERSION = YES;
				CLANG_WARN_OBJC_ROOT_CLASS = YES_ERROR;
				CLANG_WARN_RANGE_LOOP_ANALYSIS = YES;
				CLANG_WARN_STRICT_PROTOTYPES = YES;
				CLANG_WARN_SUSPICIOUS_MOVE = YES;
				CLANG_WARN_UNGUARDED_AVAILABILITY = YES_AGGRESSIVE;
				CLANG_WARN_UNREACHABLE_CODE = YES;
				CLANG_WARN__DUPLICATE_METHOD_MATCH = YES;
				COPY_PHASE_STRIP = NO;
				DEBUG_INFORMATION_FORMAT = dwarf;
				ENABLE_STRICT_OBJC_MSGSEND = YES;
				ENABLE_TESTABILITY = YES;
				GCC_C_LANGUAGE_STANDARD = gnu11;
				GCC_DYNAMIC_NO_PIC = NO;
				GCC_NO_COMMON_BLOCKS = YES;
				GCC_OPTIMIZATION_LEVEL = 0;
				GCC_PREPROCESSOR_DEFINITIONS = (
					"DEBUG=1",
					"$(inherited)",
				);
				GCC_WARN_64_TO_32_BIT_CONVERSION = YES;
				GCC_WARN_ABOUT_RETURN_TYPE = YES_ERROR;
				GCC_WARN_UNDECLARED_SELECTOR = YES;
				GCC_WARN_UNINITIALIZED_AUTOS = YES_AGGRESSIVE;
				GCC_WARN_UNUSED_FUNCTION = YES;
				GCC_WARN_UNUSED_VARIABLE = YES;
				IPHONEOS_DEPLOYMENT_TARGET = 13.4;
				MTL_ENABLE_DEBUG_INFO = INCLUDE_SOURCE;
				MTL_FAST_MATH = YES;
				ONLY_ACTIVE_ARCH = YES;
				SDKROOT = iphoneos;
				SWIFT_ACTIVE_COMPILATION_CONDITIONS = DEBUG;
				SWIFT_OPTIMIZATION_LEVEL = "-Onone";
			};
			name = Debug;
		};
		DDAC0FE024493F9800DDB825 /* Release */ = {
			isa = XCBuildConfiguration;
			buildSettings = {
				ALWAYS_SEARCH_USER_PATHS = NO;
				CLANG_ANALYZER_NONNULL = YES;
				CLANG_ANALYZER_NUMBER_OBJECT_CONVERSION = YES_AGGRESSIVE;
				CLANG_CXX_LANGUAGE_STANDARD = "gnu++14";
				CLANG_CXX_LIBRARY = "libc++";
				CLANG_ENABLE_MODULES = YES;
				CLANG_ENABLE_OBJC_ARC = YES;
				CLANG_ENABLE_OBJC_WEAK = YES;
				CLANG_WARN_BLOCK_CAPTURE_AUTORELEASING = YES;
				CLANG_WARN_BOOL_CONVERSION = YES;
				CLANG_WARN_COMMA = YES;
				CLANG_WARN_CONSTANT_CONVERSION = YES;
				CLANG_WARN_DEPRECATED_OBJC_IMPLEMENTATIONS = YES;
				CLANG_WARN_DIRECT_OBJC_ISA_USAGE = YES_ERROR;
				CLANG_WARN_DOCUMENTATION_COMMENTS = YES;
				CLANG_WARN_EMPTY_BODY = YES;
				CLANG_WARN_ENUM_CONVERSION = YES;
				CLANG_WARN_INFINITE_RECURSION = YES;
				CLANG_WARN_INT_CONVERSION = YES;
				CLANG_WARN_NON_LITERAL_NULL_CONVERSION = YES;
				CLANG_WARN_OBJC_IMPLICIT_RETAIN_SELF = YES;
				CLANG_WARN_OBJC_LITERAL_CONVERSION = YES;
				CLANG_WARN_OBJC_ROOT_CLASS = YES_ERROR;
				CLANG_WARN_RANGE_LOOP_ANALYSIS = YES;
				CLANG_WARN_STRICT_PROTOTYPES = YES;
				CLANG_WARN_SUSPICIOUS_MOVE = YES;
				CLANG_WARN_UNGUARDED_AVAILABILITY = YES_AGGRESSIVE;
				CLANG_WARN_UNREACHABLE_CODE = YES;
				CLANG_WARN__DUPLICATE_METHOD_MATCH = YES;
				COPY_PHASE_STRIP = NO;
				DEBUG_INFORMATION_FORMAT = "dwarf-with-dsym";
				ENABLE_NS_ASSERTIONS = NO;
				ENABLE_STRICT_OBJC_MSGSEND = YES;
				GCC_C_LANGUAGE_STANDARD = gnu11;
				GCC_NO_COMMON_BLOCKS = YES;
				GCC_WARN_64_TO_32_BIT_CONVERSION = YES;
				GCC_WARN_ABOUT_RETURN_TYPE = YES_ERROR;
				GCC_WARN_UNDECLARED_SELECTOR = YES;
				GCC_WARN_UNINITIALIZED_AUTOS = YES_AGGRESSIVE;
				GCC_WARN_UNUSED_FUNCTION = YES;
				GCC_WARN_UNUSED_VARIABLE = YES;
				IPHONEOS_DEPLOYMENT_TARGET = 13.4;
				MTL_ENABLE_DEBUG_INFO = NO;
				MTL_FAST_MATH = YES;
				SDKROOT = iphoneos;
				SWIFT_COMPILATION_MODE = wholemodule;
				SWIFT_OPTIMIZATION_LEVEL = "-O";
				VALIDATE_PRODUCT = YES;
			};
			name = Release;
		};
		DDAC0FE224493F9800DDB825 /* Debug */ = {
			isa = XCBuildConfiguration;
			buildSettings = {
				ASSETCATALOG_COMPILER_APPICON_NAME = AppIcon;
				CODE_SIGN_STYLE = Automatic;
				DEVELOPMENT_TEAM = HG3WUJ8982;
				INFOPLIST_FILE = Movies/Info.plist;
				LD_RUNPATH_SEARCH_PATHS = (
					"$(inherited)",
					"@executable_path/Frameworks",
				);
				PRODUCT_BUNDLE_IDENTIFIER = com.BrianVilchez.Rainbow.Movies;
				PRODUCT_NAME = "$(TARGET_NAME)";
				SWIFT_VERSION = 5.0;
				TARGETED_DEVICE_FAMILY = "1,2";
			};
			name = Debug;
		};
		DDAC0FE324493F9800DDB825 /* Release */ = {
			isa = XCBuildConfiguration;
			buildSettings = {
				ASSETCATALOG_COMPILER_APPICON_NAME = AppIcon;
				CODE_SIGN_STYLE = Automatic;
				DEVELOPMENT_TEAM = HG3WUJ8982;
				INFOPLIST_FILE = Movies/Info.plist;
				LD_RUNPATH_SEARCH_PATHS = (
					"$(inherited)",
					"@executable_path/Frameworks",
				);
				PRODUCT_BUNDLE_IDENTIFIER = com.BrianVilchez.Rainbow.Movies;
				PRODUCT_NAME = "$(TARGET_NAME)";
				SWIFT_VERSION = 5.0;
				TARGETED_DEVICE_FAMILY = "1,2";
			};
			name = Release;
		};
/* End XCBuildConfiguration section */

/* Begin XCConfigurationList section */
		DDAC0FC824493F9700DDB825 /* Build configuration list for PBXProject "Movies" */ = {
			isa = XCConfigurationList;
			buildConfigurations = (
				DDAC0FDF24493F9800DDB825 /* Debug */,
				DDAC0FE024493F9800DDB825 /* Release */,
			);
			defaultConfigurationIsVisible = 0;
			defaultConfigurationName = Release;
		};
		DDAC0FE124493F9800DDB825 /* Build configuration list for PBXNativeTarget "Movies" */ = {
			isa = XCConfigurationList;
			buildConfigurations = (
				DDAC0FE224493F9800DDB825 /* Debug */,
				DDAC0FE324493F9800DDB825 /* Release */,
			);
			defaultConfigurationIsVisible = 0;
			defaultConfigurationName = Release;
		};
/* End XCConfigurationList section */
	};
	rootObject = DDAC0FC524493F9700DDB825 /* Project object */;
}
